// !$*UTF8*$!
{
	archiveVersion = 1;
	classes = {
	};
	objectVersion = 39;
	objects = {
		013357CCFF5DD5F011CD2B9D = {
			buildSettings = {
			};
			buildStyles = (
				01A3BF6FFFB0C37D11CD2B9D,
				01A3BF70FFB0C37D11CD2B9D,
				015E5C37FFDDB4DD11CD2B8D,
			);
			hasScannedForEncodings = 1;
			isa = PBXProject;
			mainGroup = 013357CDFF5DD5F011CD2B9D;
			productRefGroup = 013357CEFF5DD64811CD2B9D;
			projectDirPath = "";
			targets = (
				F5BE50350251994001A80107,
			);
		};
		013357CDFF5DD5F011CD2B9D = {
			children = (
				F5BE50220251985D01A80107,
				F5218B7302F2D35F015A3F08,
				013357DEFF5DD7CD11CD2B9D,
				013357D6FF5DD68111CD2B9D,
				15D0BC7BFF5EC4B811CD2B9D,
				15D0BC79FF5EC47311CD2B9D,
				01D74EAA00210ABC11CD2B8D,
				096CB46EFF7BFC8111CD2B9D,
				2123FDFDFFD467417F000001,
				88467C8F08C8D537002CC560,
				013357CEFF5DD64811CD2B9D,
			);
			isa = PBXGroup;
			refType = 4;
			sourceTree = "<group>";
		};
		013357CEFF5DD64811CD2B9D = {
			children = (
				0B4F248B00221FBD11CD2B8D,
				88B5D0DF09D0397900DE8BA8,
			);
			isa = PBXGroup;
			name = Products;
			refType = 4;
			sourceTree = "<group>";
		};
		013357D6FF5DD68111CD2B9D = {
			children = (
				F54903F102E4A98201369656,
			);
			isa = PBXGroup;
			name = "Web Components";
			refType = 4;
			sourceTree = "<group>";
		};
		013357DEFF5DD7CD11CD2B9D = {
			children = (
				F5BE503E02519A3D01A80107,
			);
			isa = PBXGroup;
			name = Classes;
			path = "";
			refType = 4;
			sourceTree = "<group>";
		};
		015E5C37FFDDB4DD11CD2B8D = {
			buildSettings = {
				COPY_PHASE_STRIP = YES;
				INSTALL_MODE_FLAG = "a-w,a+rX";
				INSTALL_PATH_FOR_STYLE = "$(INSTALL_PATH)";
				SPLIT_INSTALL = YES;
				WEBSERVER_DOCROOT = "$(LOCAL_LIBRARY_DIR)/WebServer/Documents";
				WEBSERVER_INSTALL_DIR_APPLICATION = "$(WEBSERVER_INSTALL_ROOT)";
				WEBSERVER_INSTALL_DIR_FRAMEWORK = "$(WEBSERVER_INSTALL_ROOT)/Frameworks";
				WEBSERVER_INSTALL_ROOT = "$(WEBSERVER_DOCROOT)/WebObjects";
				WEBSERVER_RESOURCES_DIR = "$(WEBSERVER_CONTENTS_DIR)/WebServerResources";
				WEBSERVER_RESOURCES_JAVA_DIR = "$(WEBSERVER_INSTALL_ROOT)/Java";
				WEBSERVER_WRAPPER_DIR = "$(WEBSERVER_INSTALL_DIR)/$(WRAPPER_NAME)";
			};
			isa = PBXBuildStyle;
			name = WebServer;
		};
		01A3BF6FFFB0C37D11CD2B9D = {
			buildSettings = {
				COPY_PHASE_STRIP = NO;
				GCC_DYNAMIC_NO_PIC = NO;
				GCC_ENABLE_FIX_AND_CONTINUE = YES;
				GCC_GENERATE_DEBUGGING_SYMBOLS = YES;
				GCC_OPTIMIZATION_LEVEL = 0;
				INSTALL_MODE_FLAG = "a+rX";
				INSTALL_PATH_FOR_STYLE = "$(TARGET_BUILD_DIR)";
				JAVA_COMPILER_FLAGS = "-deprecation";
				SPLIT_INSTALL = NO;
				ZERO_LINK = YES;
			};
			isa = PBXBuildStyle;
			name = Development;
		};
		01A3BF70FFB0C37D11CD2B9D = {
			buildSettings = {
				COPY_PHASE_STRIP = YES;
				DEPLOYMENT_LOCATION = YES;
				DEPLOYMENT_POSTPROCESSING = YES;
				GCC_ENABLE_FIX_AND_CONTINUE = NO;
				INSTALL_MODE_FLAG = "a-w,a+rX";
				INSTALL_PATH_FOR_STYLE = "$(INSTALL_PATH)";
				SPLIT_INSTALL = NO;
				ZERO_LINK = NO;
			};
			isa = PBXBuildStyle;
			name = Deployment;
		};
		01D74EAA00210ABC11CD2B8D = {
			children = (
			);
			isa = PBXGroup;
			name = Interfaces;
			path = "";
			refType = 4;
			sourceTree = "<group>";
		};
//010
//011
//012
//013
//014
//020
//021
//022
//023
//024
		022D13060059B68211CD2978 = {
			isa = PBXFileReference;
			lastKnownFileType = wrapper.framework;
			name = JavaXML.framework;
			path = /System/Library/Frameworks/JavaXML.framework;
			refType = 0;
			sourceTree = "<absolute>";
		};
//020
//021
//022
//023
//024
//090
//091
//092
//093
//094
		096CB46EFF7BFC8111CD2B9D = {
			children = (
				096CB471FF7BFD6311CD2B9D,
				096CB472FF7BFD6311CD2B9D,
				096CB473FF7BFD6311CD2B9D,
				096CB46FFF7BFC8111CD2B9D,
				096CB474FF7BFD6311CD2B9D,
				096CB475FF7BFD6311CD2B9D,
				022D13060059B68211CD2978,
				F5BE503C025199D301A80107,
				F5BE506302519AEF01A80107,
			);
			isa = PBXGroup;
			name = Frameworks;
			path = "";
			refType = 4;
			sourceTree = "<group>";
		};
		096CB46FFF7BFC8111CD2B9D = {
			isa = PBXFileReference;
			lastKnownFileType = wrapper.framework;
			name = JavaWebObjects.framework;
			path = /System/Library/Frameworks/JavaWebObjects.framework;
			refType = 0;
			sourceTree = "<absolute>";
		};
		096CB471FF7BFD6311CD2B9D = {
			isa = PBXFileReference;
			lastKnownFileType = wrapper.framework;
			name = JavaFoundation.framework;
			path = /System/Library/Frameworks/JavaFoundation.framework;
			refType = 0;
			sourceTree = "<absolute>";
		};
		096CB472FF7BFD6311CD2B9D = {
			isa = PBXFileReference;
			lastKnownFileType = wrapper.framework;
			name = JavaEOControl.framework;
			path = /System/Library/Frameworks/JavaEOControl.framework;
			refType = 0;
			sourceTree = "<absolute>";
		};
		096CB473FF7BFD6311CD2B9D = {
			isa = PBXFileReference;
			lastKnownFileType = wrapper.framework;
			name = JavaEOAccess.framework;
			path = /System/Library/Frameworks/JavaEOAccess.framework;
			refType = 0;
			sourceTree = "<absolute>";
		};
		096CB474FF7BFD6311CD2B9D = {
			isa = PBXFileReference;
			lastKnownFileType = wrapper.framework;
			name = JavaJDBCAdaptor.framework;
			path = /System/Library/Frameworks/JavaJDBCAdaptor.framework;
			refType = 0;
			sourceTree = "<absolute>";
		};
		096CB475FF7BFD6311CD2B9D = {
			isa = PBXFileReference;
			lastKnownFileType = wrapper.framework;
			name = JavaWOExtensions.framework;
			path = /System/Library/Frameworks/JavaWOExtensions.framework;
			refType = 0;
			sourceTree = "<absolute>";
		};
//090
//091
//092
//093
//094
//0B0
//0B1
//0B2
//0B3
//0B4
		0B4F248B00221FBD11CD2B8D = {
			children = (
			);
			isa = PBXGroup;
			name = Intermediates;
			refType = 4;
			sourceTree = "<group>";
		};
//0B0
//0B1
//0B2
//0B3
//0B4
//150
//151
//152
//153
//154
		15D0BC79FF5EC47311CD2B9D = {
			children = (
			);
			isa = PBXGroup;
			name = "Web Server Resources";
			refType = 4;
			sourceTree = "<group>";
		};
		15D0BC7BFF5EC4B811CD2B9D = {
			children = (
			);
			isa = PBXGroup;
			name = Resources;
			path = "";
			refType = 4;
			sourceTree = "<group>";
		};
//150
//151
//152
//153
//154
//210
//211
//212
//213
//214
		2123FDF9FFD467417F000001 = {
			children = (
			);
			isa = PBXGroup;
			name = Main;
			path = "";
			refType = 4;
			sourceTree = "<group>";
		};
		2123FDFDFFD467417F000001 = {
			children = (
			);
			isa = PBXGroup;
			name = Documentation;
			refType = 4;
			sourceTree = "<group>";
		};
//210
//211
//212
//213
//214
//880
//881
//882
//883
//884
		88467C8F08C8D537002CC560 = {
			children = (
				88467C9708C8D555002CC560,
			);
			isa = PBXGroup;
			name = Jars;
			refType = 4;
			sourceTree = "<group>";
		};
		88467C9708C8D555002CC560 = {
			isa = PBXFileReference;
			lastKnownFileType = archive.jar;
			name = fmp360_jdbc.jar;
			path = ../../Fmp360_JDBC/build/fmp360_jdbc.jar;
			refType = 2;
			sourceTree = SOURCE_ROOT;
		};
		88467CA308C8D860002CC560 = {
			buildActionMask = 2147483647;
			dstPath = "";
			dstSubfolderSpec = 15;
			files = (
			);
			isa = PBXCopyFilesBuildPhase;
			runOnlyForDeploymentPostprocessing = 0;
		};
		888CF24404ED8A6A0048AAB4 = {
			children = (
			);
			isa = PBXGroup;
			name = RepeatingFieldTest;
			refType = 4;
			sourceTree = "<group>";
		};
		88B5D0DF09D0397900DE8BA8 = {
			explicitFileType = wrapper.cfbundle;
			includeInIndex = 0;
			isa = PBXFileReference;
			name = WooF7_EOModelerPlugIn.EOMplugin;
			path = build/WooF7_EOModelerPlugIn.EOMplugin;
			refType = 4;
			sourceTree = "<group>";
		};
//880
//881
//882
//883
//884
//F50
//F51
//F52
//F53
//F54
		F5218B7302F2D35F015A3F08 = {
			children = (
			);
			isa = PBXGroup;
			name = "ProscBundle classes";
			path = "";
			refType = 4;
			sourceTree = "<group>";
		};
		F54903E002E48A5C01369656 = {
			children = (
			);
			isa = PBXGroup;
			name = FMPopUpButton;
			path = "";
			refType = 4;
			sourceTree = "<group>";
		};
		F54903F102E4A98201369656 = {
			children = (
				F54903E002E48A5C01369656,
				F54903F702E4A9EF01369656,
				F5F9F8DC02E4AE23019FA393,
			);
			isa = PBXGroup;
			name = FMValueList;
			refType = 4;
			sourceTree = "<group>";
		};
		F54903F702E4A9EF01369656 = {
			children = (
			);
			isa = PBXGroup;
			name = FMRadioButtonMatrix;
			refType = 4;
			sourceTree = "<group>";
		};
		F5BE50220251985D01A80107 = {
			children = (
				2123FDF9FFD467417F000001,
				F5BE508402519E6201A80107,
				888CF24404ED8A6A0048AAB4,
			);
			isa = PBXGroup;
			name = "Test classes";
			refType = 4;
			sourceTree = "<group>";
		};
		F5BE50350251994001A80107 = {
			buildPhases = (
				F5BE50370251995E01A80107,
				F5BE50380251995E01A80107,
				F5BE50390251995E01A80107,
				F5BE503A0251995E01A80107,
				F5BE503B0251995E01A80107,
				88467CA308C8D860002CC560,
			);
			buildSettings = {
				PRODUCT_NAME = WooF7_EOModelerPlugIn;
				WARNING_CFLAGS = "-Wmost -Wno-four-char-constants -Wno-unknown-pragmas";
				WRAPPER_EXTENSION = EOMplugin;
			};
			dependencies = (
			);
			isa = PBXBundleTarget;
			name = EOModelerPlugIn;
			productInstallPath = "$(USER_LIBRARY_DIR)/Bundles";
			productName = EOModelerPlugIn;
			productReference = 88B5D0DF09D0397900DE8BA8;
			productSettingsXML = "<?xml version=\"1.0\" encoding=\"UTF-8\"?>
<!DOCTYPE plist PUBLIC \"-//Apple Computer//DTD PLIST 1.0//EN\" \"http://www.apple.com/DTDs/PropertyList-1.0.dtd\">
<plist version=\"1.0\">
<dict>
	<key>CFBundleDevelopmentRegion</key>
	<string>English</string>
	<key>CFBundleExecutable</key>
	<string>WooF7_EOModelerPlugIn</string>
	<key>CFBundleGetInfoString</key>
	<string></string>
	<key>CFBundleIconFile</key>
	<string></string>
	<key>CFBundleIdentifier</key>
	<string></string>
	<key>CFBundleInfoDictionaryVersion</key>
	<string>6.0</string>
	<key>CFBundleName</key>
	<string></string>
	<key>CFBundlePackageType</key>
	<string>BNDL</string>
	<key>CFBundleShortVersionString</key>
	<string></string>
	<key>CFBundleSignature</key>
	<string>????</string>
	<key>CFBundleVersion</key>
	<string>0.0.1d1</string>
	<key>NSJavaNeeded</key>
	<string>YES</string>
	<key>NSJavaPath</key>
	<array>
		<string>WooF7_EOModelerPlugIn.jar</string>
	</array>
	<key>NSJavaRoot</key>
	<string>Contents/Resources/Java</string>
</dict>
</plist>
";
		};
		F5BE50370251995E01A80107 = {
			buildActionMask = 2147483647;
			files = (
			);
			isa = PBXHeadersBuildPhase;
			runOnlyForDeploymentPostprocessing = 0;
		};
		F5BE50380251995E01A80107 = {
			buildActionMask = 2147483647;
			files = (
			);
			isa = PBXResourcesBuildPhase;
			runOnlyForDeploymentPostprocessing = 0;
		};
		F5BE50390251995E01A80107 = {
			buildActionMask = 2147483647;
			files = (
				F5BE504E02519A6C01A80107,
				F5BE504F02519A6C01A80107,
				F5BE505002519A6C01A80107,
			);
			isa = PBXSourcesBuildPhase;
			runOnlyForDeploymentPostprocessing = 0;
		};
		F5BE503A0251995E01A80107 = {
			buildActionMask = 2147483647;
			files = (
				F5BE503D025199D301A80107,
				F5BE506B02519AEF01A80107,
			);
			isa = PBXFrameworksBuildPhase;
			runOnlyForDeploymentPostprocessing = 0;
		};
		F5BE503B0251995E01A80107 = {
			buildActionMask = 2147483647;
			files = (
			);
			isa = PBXRezBuildPhase;
			runOnlyForDeploymentPostprocessing = 0;
		};
		F5BE503C025199D301A80107 = {
			isa = PBXFileReference;
			lastKnownFileType = wrapper.framework;
			name = JDBCEOAdaptor.framework;
			path = /System/Library/Frameworks/JDBCEOAdaptor.framework;
			refType = 0;
			sourceTree = "<absolute>";
		};
		F5BE503D025199D301A80107 = {
			fileRef = F5BE503C025199D301A80107;
			isa = PBXBuildFile;
			settings = {
			};
		};
		F5BE503E02519A3D01A80107 = {
			children = (
				F5BE504B02519A6B01A80107,
				F5BE504C02519A6B01A80107,
				F5BE504D02519A6B01A80107,
			);
			isa = PBXGroup;
			name = "EOM files";
			refType = 4;
			sourceTree = "<group>";
		};
		F5BE504B02519A6B01A80107 = {
			fileEncoding = 30;
			isa = PBXFileReference;
			lastKnownFileType = sourcecode.java;
			name = FMPExpression7.java;
			path = EOM_files/FMPExpression7.java;
			refType = 4;
			sourceTree = "<group>";
		};
		F5BE504C02519A6B01A80107 = {
			fileEncoding = 30;
			isa = PBXFileReference;
			lastKnownFileType = sourcecode.java;
			name = Fmp360PlugIn.java;
			path = EOM_files/Fmp360PlugIn.java;
			refType = 4;
			sourceTree = "<group>";
		};
		F5BE504D02519A6B01A80107 = {
			fileEncoding = 30;
			isa = PBXFileReference;
			lastKnownFileType = sourcecode.c.c;
			name = main.c;
			path = EOM_files/main.c;
			refType = 4;
			sourceTree = "<group>";
		};
		F5BE504E02519A6C01A80107 = {
			fileRef = F5BE504B02519A6B01A80107;
			isa = PBXBuildFile;
			settings = {
			};
		};
		F5BE504F02519A6C01A80107 = {
			fileRef = F5BE504C02519A6B01A80107;
			isa = PBXBuildFile;
			settings = {
			};
		};
		F5BE505002519A6C01A80107 = {
			fileRef = F5BE504D02519A6B01A80107;
			isa = PBXBuildFile;
			settings = {
			};
		};
		F5BE506302519AEF01A80107 = {
			isa = PBXFileReference;
			lastKnownFileType = wrapper.framework;
			name = Foundation.framework;
			path = /System/Library/Frameworks/Foundation.framework;
			refType = 0;
			sourceTree = "<absolute>";
		};
		F5BE506B02519AEF01A80107 = {
			fileRef = F5BE506302519AEF01A80107;
			isa = PBXBuildFile;
			settings = {
			};
		};
		F5BE508402519E6201A80107 = {
			children = (
			);
			isa = PBXGroup;
			name = DateTime;
			path = "";
			refType = 4;
			sourceTree = "<group>";
		};
		F5F9F8DC02E4AE23019FA393 = {
			children = (
			);
			isa = PBXGroup;
			name = FMValueListBrowser;
			refType = 4;
			sourceTree = "<group>";
		};
	};
	rootObject = 013357CCFF5DD5F011CD2B9D;
}
